
Microsoft Visual Studio Solution File, Format Version 12.00
# Visual Studio Version 16
VisualStudioVersion = 16.0.30717.126
MinimumVisualStudioVersion = 10.0.40219.1
Project("{FAE04EC0-301F-11D3-BF4B-00C04F79EFBC}") = "Bodoconsult.Core.Database.Sqlite", "Bodoconsult.Core.Database.Sqlite\Bodoconsult.Core.Database.Sqlite.csproj", "{0693C150-2970-4248-B98F-FA2613A1E869}"
EndProject
Project("{FAE04EC0-301F-11D3-BF4B-00C04F79EFBC}") = "Bodoconsult.Core.Database.Sqlite.Test", "Bodoconsult.Core.Database.Sqlite.Test\Bodoconsult.Core.Database.Sqlite.Test.csproj", "{5F091A04-004F-438A-9296-E4AADD4EB8A3}"
EndProject
Global
	GlobalSection(SolutionConfigurationPlatforms) = preSolution
		Debug|Any CPU = Debug|Any CPU
		Release|Any CPU = Release|Any CPU
	EndGlobalSection
	GlobalSection(ProjectConfigurationPlatforms) = postSolution
		{0693C150-2970-4248-B98F-FA2613A1E869}.Debug|Any CPU.ActiveCfg = Debug|Any CPU
		{0693C150-2970-4248-B98F-FA2613A1E869}.Debug|Any CPU.Build.0 = Debug|Any CPU
		{0693C150-2970-4248-B98F-FA2613A1E869}.Release|Any CPU.ActiveCfg = Release|Any CPU
		{0693C150-2970-4248-B98F-FA2613A1E869}.Release|Any CPU.Build.0 = Release|Any CPU
		{5F091A04-004F-438A-9296-E4AADD4EB8A3}.Debug|Any CPU.ActiveCfg = Debug|Any CPU
		{5F091A04-004F-438A-9296-E4AADD4EB8A3}.Debug|Any CPU.Build.0 = Debug|Any CPU
		{5F091A04-004F-438A-9296-E4AADD4EB8A3}.Release|Any CPU.ActiveCfg = Release|Any CPU
		{5F091A04-004F-438A-9296-E4AADD4EB8A3}.Release|Any CPU.Build.0 = Release|Any CPU
	EndGlobalSection
	GlobalSection(SolutionProperties) = preSolution
		HideSolutionNode = FALSE
	EndGlobalSection
	GlobalSection(ExtensibilityGlobals) = postSolution
		SolutionGuid = {C719301B-A77D-430C-A330-57EAC34F31C0}
	EndGlobalSection
EndGlobal
